{
  "name": "npm-script-template",
  "version": "1.0.0",
  "lockfileVersion": 3,
  "requires": true,
  "packages": {
    "": {
      "name": "npm-script-template",
      "version": "1.0.0",
      "license": "CC0-1.0",
      "devDependencies": {
        "npm-check-updates": "^22.0.0"
      }
    },
    "node_modules/npm-check-updates": {
      "version": "22.0.1",
      "resolved": "https://registry.npmjs.org/npm-check-updates/-/npm-check-updates-22.0.1.tgz",
      "integrity": "sha512-K8PDu7l9v7UKIwDSxLnqA9LHT76Mu4eCjGjp0JwSeSsyKWmX/YZY+AoBxw4oVdKwQLthWbzg1g+OKysHYGQCjQ==",
      "dev": true,
      "license": "Apache-2.0",
      "bin": {
        "ncu": "build/cli.js",
        "npm-check-updates": "build/cli.js"
      },
      "engines": {
        "node": "^20.19.0 || ^22.12.0 || >=24.0.0",
        "npm": ">=10.0.0"
      }
    }
  }
}
