{
  "name": "npm-script-template",
  "version": "1.0.0",
  "lockfileVersion": 3,
  "requires": true,
  "packages": {
    "": {
      "name": "npm-script-template",
      "version": "1.0.0",
      "license": "CC0-1.0",
      "devDependencies": {
        "npm-check-updates": "^22.0.0"
      }
    },
    "node_modules/npm-check-updates": {
      "version": "22.2.3",
      "resolved": "https://registry.npmjs.org/npm-check-updates/-/npm-check-updates-22.2.3.tgz",
      "integrity": "sha512-n8HZ0ywZugYRgEqIm67hbZC5L/9S/gLX+MkGchJB43pP2xib1+u76OpVEJRZ4QP2BksPRi5M1CCStJVfc16+/A==",
      "dev": true,
      "license": "Apache-2.0",
      "bin": {
        "ncu": "build/cli.js",
        "npm-check-updates": "build/cli.js"
      },
      "engines": {
        "node": "^20.19.0 || ^22.12.0 || >=24.0.0",
        "npm": ">=10.0.0"
      }
    }
  }
}
